
Microsoft Visual Studio Solution File, Format Version 12.00
# Visual Studio Version 17
VisualStudioVersion = 17.0.31808.319
MinimumVisualStudioVersion = 10.0.40219.1
Project("{9A19103F-16F7-4668-BE54-9A1E7A4F7556}") = "Modul_3_HW_3", "Modul_3_HW_3.csproj", "{3E1F666A-D67C-4E41-B870-A19DAAF84F70}"
EndProject
Global
	GlobalSection(SolutionConfigurationPlatforms) = preSolution
		Debug|Any CPU = Debug|Any CPU
		Release|Any CPU = Release|Any CPU
	EndGlobalSection
	GlobalSection(ProjectConfigurationPlatforms) = postSolution
		{3E1F666A-D67C-4E41-B870-A19DAAF84F70}.Debug|Any CPU.ActiveCfg = Debug|Any CPU
		{3E1F666A-D67C-4E41-B870-A19DAAF84F70}.Debug|Any CPU.Build.0 = Debug|Any CPU
		{3E1F666A-D67C-4E41-B870-A19DAAF84F70}.Release|Any CPU.ActiveCfg = Release|Any CPU
		{3E1F666A-D67C-4E41-B870-A19DAAF84F70}.Release|Any CPU.Build.0 = Release|Any CPU
	EndGlobalSection
	GlobalSection(SolutionProperties) = preSolution
		HideSolutionNode = FALSE
	EndGlobalSection
	GlobalSection(ExtensibilityGlobals) = postSolution
		SolutionGuid = {F18B78CD-FA16-40EA-A6DA-7752994EC9AA}
	EndGlobalSection
EndGlobal
